// !$*UTF8*$!
{
	archiveVersion = 1;
	classes = {
	};
	objectVersion = 50;
	objects = {

/* Begin PBXBuildFile section */
		9BA58F5C2232366D003697A5 /* AppDelegate.swift in Sources */ = {isa = PBXBuildFile; fileRef = 9BA58F5B2232366D003697A5 /* AppDelegate.swift */; };
		9BA58F5E2232366D003697A5 /* SignUpNodeController.swift in Sources */ = {isa = PBXBuildFile; fileRef = 9BA58F5D2232366D003697A5 /* SignUpNodeController.swift */; };
		9BA58F6322323670003697A5 /* Assets.xcassets in Resources */ = {isa = PBXBuildFile; fileRef = 9BA58F6222323670003697A5 /* Assets.xcassets */; };
		9BA58F6622323670003697A5 /* LaunchScreen.storyboard in Resources */ = {isa = PBXBuildFile; fileRef = 9BA58F6422323670003697A5 /* LaunchScreen.storyboard */; };
		9BA58F7222323828003697A5 /* SignUpContainerNode.swift in Sources */ = {isa = PBXBuildFile; fileRef = 9BA58F7122323828003697A5 /* SignUpContainerNode.swift */; };
		9BA58F74223238AA003697A5 /* SignUpFieldNode.swift in Sources */ = {isa = PBXBuildFile; fileRef = 9BA58F73223238AA003697A5 /* SignUpFieldNode.swift */; };
		9BA58F7722323FD7003697A5 /* UIImage+Extension.swift in Sources */ = {isa = PBXBuildFile; fileRef = 9BA58F7622323FD7003697A5 /* UIImage+Extension.swift */; };
		9BA58F7922324C4C003697A5 /* String+Extension.swift in Sources */ = {isa = PBXBuildFile; fileRef = 9BA58F7822324C4C003697A5 /* String+Extension.swift */; };
		9BA58F7B22324FFA003697A5 /* UIColor+Extension.swift in Sources */ = {isa = PBXBuildFile; fileRef = 9BA58F7A22324FFA003697A5 /* UIColor+Extension.swift */; };
		9BFD9D8C2232565A00B69FDD /* SignUpFieldReactor.swift in Sources */ = {isa = PBXBuildFile; fileRef = 9BFD9D8B2232565A00B69FDD /* SignUpFieldReactor.swift */; };
		B1C2FBF13B3AB164A460BEA8 /* Pods_ReactorKit_Texture.framework in Frameworks */ = {isa = PBXBuildFile; fileRef = 6B4CDB38E8264C9B021F199D /* Pods_ReactorKit_Texture.framework */; };
/* End PBXBuildFile section */

/* Begin PBXFileReference section */
		4F08309FFB7FA485ECC567BF /* Pods-ReactorKit+Texture.release.xcconfig */ = {isa = PBXFileReference; includeInIndex = 1; lastKnownFileType = text.xcconfig; name = "Pods-ReactorKit+Texture.release.xcconfig"; path = "Pods/Target Support Files/Pods-ReactorKit+Texture/Pods-ReactorKit+Texture.release.xcconfig"; sourceTree = "<group>"; };
		6B4CDB38E8264C9B021F199D /* Pods_ReactorKit_Texture.framework */ = {isa = PBXFileReference; explicitFileType = wrapper.framework; includeInIndex = 0; path = Pods_ReactorKit_Texture.framework; sourceTree = BUILT_PRODUCTS_DIR; };
		9BA58F582232366C003697A5 /* ReactorKit+Texture.app */ = {isa = PBXFileReference; explicitFileType = wrapper.application; includeInIndex = 0; path = "ReactorKit+Texture.app"; sourceTree = BUILT_PRODUCTS_DIR; };
		9BA58F5B2232366D003697A5 /* AppDelegate.swift */ = {isa = PBXFileReference; lastKnownFileType = sourcecode.swift; path = AppDelegate.swift; sourceTree = "<group>"; };
		9BA58F5D2232366D003697A5 /* SignUpNodeController.swift */ = {isa = PBXFileReference; lastKnownFileType = sourcecode.swift; path = SignUpNodeController.swift; sourceTree = "<group>"; };
		9BA58F6222323670003697A5 /* Assets.xcassets */ = {isa = PBXFileReference; lastKnownFileType = folder.assetcatalog; path = Assets.xcassets; sourceTree = "<group>"; };
		9BA58F6522323670003697A5 /* Base */ = {isa = PBXFileReference; lastKnownFileType = file.storyboard; name = Base; path = Base.lproj/LaunchScreen.storyboard; sourceTree = "<group>"; };
		9BA58F6722323670003697A5 /* Info.plist */ = {isa = PBXFileReference; lastKnownFileType = text.plist.xml; path = Info.plist; sourceTree = "<group>"; };
		9BA58F7122323828003697A5 /* SignUpContainerNode.swift */ = {isa = PBXFileReference; lastKnownFileType = sourcecode.swift; path = SignUpContainerNode.swift; sourceTree = "<group>"; };
		9BA58F73223238AA003697A5 /* SignUpFieldNode.swift */ = {isa = PBXFileReference; lastKnownFileType = sourcecode.swift; path = SignUpFieldNode.swift; sourceTree = "<group>"; };
		9BA58F7622323FD7003697A5 /* UIImage+Extension.swift */ = {isa = PBXFileReference; lastKnownFileType = sourcecode.swift; path = "UIImage+Extension.swift"; sourceTree = "<group>"; };
		9BA58F7822324C4C003697A5 /* String+Extension.swift */ = {isa = PBXFileReference; lastKnownFileType = sourcecode.swift; path = "String+Extension.swift"; sourceTree = "<group>"; };
		9BA58F7A22324FFA003697A5 /* UIColor+Extension.swift */ = {isa = PBXFileReference; lastKnownFileType = sourcecode.swift; path = "UIColor+Extension.swift"; sourceTree = "<group>"; };
		9BFD9D8B2232565A00B69FDD /* SignUpFieldReactor.swift */ = {isa = PBXFileReference; lastKnownFileType = sourcecode.swift; path = SignUpFieldReactor.swift; sourceTree = "<group>"; };
		FA40EEEF05118DB50A15B4D5 /* Pods-ReactorKit+Texture.debug.xcconfig */ = {isa = PBXFileReference; includeInIndex = 1; lastKnownFileType = text.xcconfig; name = "Pods-ReactorKit+Texture.debug.xcconfig"; path = "Pods/Target Support Files/Pods-ReactorKit+Texture/Pods-ReactorKit+Texture.debug.xcconfig"; sourceTree = "<group>"; };
/* End PBXFileReference section */

/* Begin PBXFrameworksBuildPhase section */
		9BA58F552232366C003697A5 /* Frameworks */ = {
			isa = PBXFrameworksBuildPhase;
			buildActionMask = 2147483647;
			files = (
				B1C2FBF13B3AB164A460BEA8 /* Pods_ReactorKit_Texture.framework in Frameworks */,
			);
			runOnlyForDeploymentPostprocessing = 0;
		};
/* End PBXFrameworksBuildPhase section */

/* Begin PBXGroup section */
		3436D60682F85870AC18C2CA /* Frameworks */ = {
			isa = PBXGroup;
			children = (
				6B4CDB38E8264C9B021F199D /* Pods_ReactorKit_Texture.framework */,
			);
			name = Frameworks;
			sourceTree = "<group>";
		};
		537007962F6F36E8069E4395 /* Pods */ = {
			isa = PBXGroup;
			children = (
				FA40EEEF05118DB50A15B4D5 /* Pods-ReactorKit+Texture.debug.xcconfig */,
				4F08309FFB7FA485ECC567BF /* Pods-ReactorKit+Texture.release.xcconfig */,
			);
			name = Pods;
			sourceTree = "<group>";
		};
		9BA58F4F2232366C003697A5 = {
			isa = PBXGroup;
			children = (
				9BA58F5A2232366D003697A5 /* ReactorKit+Texture */,
				9BA58F592232366C003697A5 /* Products */,
				537007962F6F36E8069E4395 /* Pods */,
				3436D60682F85870AC18C2CA /* Frameworks */,
			);
			sourceTree = "<group>";
		};
		9BA58F592232366C003697A5 /* Products */ = {
			isa = PBXGroup;
			children = (
				9BA58F582232366C003697A5 /* ReactorKit+Texture.app */,
			);
			name = Products;
			sourceTree = "<group>";
		};
		9BA58F5A2232366D003697A5 /* ReactorKit+Texture */ = {
			isa = PBXGroup;
			children = (
				9BFD9D8A2232564900B69FDD /* Reactor */,
				9BA58F7522323FC3003697A5 /* Extensions */,
				9BA58F6E22323796003697A5 /* Node */,
				9BA58F6D22323788003697A5 /* Controller */,
				9BA58F5B2232366D003697A5 /* AppDelegate.swift */,
				9BA58F6222323670003697A5 /* Assets.xcassets */,
				9BA58F6422323670003697A5 /* LaunchScreen.storyboard */,
				9BA58F6722323670003697A5 /* Info.plist */,
			);
			path = "ReactorKit+Texture";
			sourceTree = "<group>";
		};
		9BA58F6D22323788003697A5 /* Controller */ = {
			isa = PBXGroup;
			children = (
				9BA58F5D2232366D003697A5 /* SignUpNodeController.swift */,
			);
			path = Controller;
			sourceTree = "<group>";
		};
		9BA58F6E22323796003697A5 /* Node */ = {
			isa = PBXGroup;
			children = (
				9BA58F7122323828003697A5 /* SignUpContainerNode.swift */,
				9BA58F73223238AA003697A5 /* SignUpFieldNode.swift */,
			);
			path = Node;
			sourceTree = "<group>";
		};
		9BA58F7522323FC3003697A5 /* Extensions */ = {
			isa = PBXGroup;
			children = (
				9BA58F7622323FD7003697A5 /* UIImage+Extension.swift */,
				9BA58F7822324C4C003697A5 /* String+Extension.swift */,
				9BA58F7A22324FFA003697A5 /* UIColor+Extension.swift */,
			);
			path = Extensions;
			sourceTree = "<group>";
		};
		9BFD9D8A2232564900B69FDD /* Reactor */ = {
			isa = PBXGroup;
			children = (
				9BFD9D8B2232565A00B69FDD /* SignUpFieldReactor.swift */,
			);
			path = Reactor;
			sourceTree = "<group>";
		};
/* End PBXGroup section */

/* Begin PBXNativeTarget section */
		9BA58F572232366C003697A5 /* ReactorKit+Texture */ = {
			isa = PBXNativeTarget;
			buildConfigurationList = 9BA58F6A22323670003697A5 /* Build configuration list for PBXNativeTarget "ReactorKit+Texture" */;
			buildPhases = (
				8F366AB859E2178CA5AD3FA9 /* [CP] Check Pods Manifest.lock */,
				9BA58F542232366C003697A5 /* Sources */,
				9BA58F552232366C003697A5 /* Frameworks */,
				9BA58F562232366C003697A5 /* Resources */,
				5F24679056EED17CB83A4553 /* [CP] Embed Pods Frameworks */,
			);
			buildRules = (
			);
			dependencies = (
			);
			name = "ReactorKit+Texture";
			productName = "ReactorKit+Texture";
			productReference = 9BA58F582232366C003697A5 /* ReactorKit+Texture.app */;
			productType = "com.apple.product-type.application";
		};
/* End PBXNativeTarget section */

/* Begin PBXProject section */
		9BA58F502232366C003697A5 /* Project object */ = {
			isa = PBXProject;
			attributes = {
				LastSwiftUpdateCheck = 1010;
				LastUpgradeCheck = 1010;
				ORGANIZATIONNAME = Geektree0101;
				TargetAttributes = {
					9BA58F572232366C003697A5 = {
						CreatedOnToolsVersion = 10.1;
					};
				};
			};
			buildConfigurationList = 9BA58F532232366C003697A5 /* Build configuration list for PBXProject "ReactorKit+Texture" */;
			compatibilityVersion = "Xcode 9.3";
			developmentRegion = en;
			hasScannedForEncodings = 0;
			knownRegions = (
				en,
				Base,
			);
			mainGroup = 9BA58F4F2232366C003697A5;
			productRefGroup = 9BA58F592232366C003697A5 /* Products */;
			projectDirPath = "";
			projectRoot = "";
			targets = (
				9BA58F572232366C003697A5 /* ReactorKit+Texture */,
			);
		};
/* End PBXProject section */

/* Begin PBXResourcesBuildPhase section */
		9BA58F562232366C003697A5 /* Resources */ = {
			isa = PBXResourcesBuildPhase;
			buildActionMask = 2147483647;
			files = (
				9BA58F6622323670003697A5 /* LaunchScreen.storyboard in Resources */,
				9BA58F6322323670003697A5 /* Assets.xcassets in Resources */,
			);
			runOnlyForDeploymentPostprocessing = 0;
		};
/* End PBXResourcesBuildPhase section */

/* Begin PBXShellScriptBuildPhase section */
		5F24679056EED17CB83A4553 /* [CP] Embed Pods Frameworks */ = {
			isa = PBXShellScriptBuildPhase;
			buildActionMask = 2147483647;
			files = (
			);
			inputFileListPaths = (
			);
			inputPaths = (
				"${SRCROOT}/Pods/Target Support Files/Pods-ReactorKit+Texture/Pods-ReactorKit+Texture-frameworks.sh",
				"${BUILT_PRODUCTS_DIR}/PINCache/PINCache.framework",
				"${BUILT_PRODUCTS_DIR}/PINOperation/PINOperation.framework",
				"${BUILT_PRODUCTS_DIR}/PINRemoteImage/PINRemoteImage.framework",
				"${BUILT_PRODUCTS_DIR}/ReactorKit/ReactorKit.framework",
				"${BUILT_PRODUCTS_DIR}/RxAtomic/RxAtomic.framework",
				"${BUILT_PRODUCTS_DIR}/RxCocoa/RxCocoa.framework",
				"${BUILT_PRODUCTS_DIR}/RxCocoa-Texture/RxCocoa_Texture.framework",
				"${BUILT_PRODUCTS_DIR}/RxKeyboard/RxKeyboard.framework",
				"${BUILT_PRODUCTS_DIR}/RxOptional/RxOptional.framework",
				"${BUILT_PRODUCTS_DIR}/RxSwift/RxSwift.framework",
				"${BUILT_PRODUCTS_DIR}/Texture/AsyncDisplayKit.framework",
			);
			name = "[CP] Embed Pods Frameworks";
			outputFileListPaths = (
			);
			outputPaths = (
				"${TARGET_BUILD_DIR}/${FRAMEWORKS_FOLDER_PATH}/PINCache.framework",
				"${TARGET_BUILD_DIR}/${FRAMEWORKS_FOLDER_PATH}/PINOperation.framework",
				"${TARGET_BUILD_DIR}/${FRAMEWORKS_FOLDER_PATH}/PINRemoteImage.framework",
				"${TARGET_BUILD_DIR}/${FRAMEWORKS_FOLDER_PATH}/ReactorKit.framework",
				"${TARGET_BUILD_DIR}/${FRAMEWORKS_FOLDER_PATH}/RxAtomic.framework",
				"${TARGET_BUILD_DIR}/${FRAMEWORKS_FOLDER_PATH}/RxCocoa.framework",
				"${TARGET_BUILD_DIR}/${FRAMEWORKS_FOLDER_PATH}/RxCocoa_Texture.framework",
				"${TARGET_BUILD_DIR}/${FRAMEWORKS_FOLDER_PATH}/RxKeyboard.framework",
				"${TARGET_BUILD_DIR}/${FRAMEWORKS_FOLDER_PATH}/RxOptional.framework",
				"${TARGET_BUILD_DIR}/${FRAMEWORKS_FOLDER_PATH}/RxSwift.framework",
				"${TARGET_BUILD_DIR}/${FRAMEWORKS_FOLDER_PATH}/AsyncDisplayKit.framework",
			);
			runOnlyForDeploymentPostprocessing = 0;
			shellPath = /bin/sh;
			shellScript = "\"${SRCROOT}/Pods/Target Support Files/Pods-ReactorKit+Texture/Pods-ReactorKit+Texture-frameworks.sh\"\n";
			showEnvVarsInLog = 0;
		};
		8F366AB859E2178CA5AD3FA9 /* [CP] Check Pods Manifest.lock */ = {
			isa = PBXShellScriptBuildPhase;
			buildActionMask = 2147483647;
			files = (
			);
			inputFileListPaths = (
			);
			inputPaths = (
				"${PODS_PODFILE_DIR_PATH}/Podfile.lock",
				"${PODS_ROOT}/Manifest.lock",
			);
			name = "[CP] Check Pods Manifest.lock";
			outputFileListPaths = (
			);
			outputPaths = (
				"$(DERIVED_FILE_DIR)/Pods-ReactorKit+Texture-checkManifestLockResult.txt",
			);
			runOnlyForDeploymentPostprocessing = 0;
			shellPath = /bin/sh;
			shellScript = "diff \"${PODS_PODFILE_DIR_PATH}/Podfile.lock\" \"${PODS_ROOT}/Manifest.lock\" > /dev/null\nif [ $? != 0 ] ; then\n    # print error to STDERR\n    echo \"error: The sandbox is not in sync with the Podfile.lock. Run 'pod install' or update your CocoaPods installation.\" >&2\n    exit 1\nfi\n# This output is used by Xcode 'outputs' to avoid re-running this script phase.\necho \"SUCCESS\" > \"${SCRIPT_OUTPUT_FILE_0}\"\n";
			showEnvVarsInLog = 0;
		};
/* End PBXShellScriptBuildPhase section */

/* Begin PBXSourcesBuildPhase section */
		9BA58F542232366C003697A5 /* Sources */ = {
			isa = PBXSourcesBuildPhase;
			buildActionMask = 2147483647;
			files = (
				9BA58F7B22324FFA003697A5 /* UIColor+Extension.swift in Sources */,
				9BA58F74223238AA003697A5 /* SignUpFieldNode.swift in Sources */,
				9BA58F5E2232366D003697A5 /* SignUpNodeController.swift in Sources */,
				9BA58F7722323FD7003697A5 /* UIImage+Extension.swift in Sources */,
				9BA58F7222323828003697A5 /* SignUpContainerNode.swift in Sources */,
				9BFD9D8C2232565A00B69FDD /* SignUpFieldReactor.swift in Sources */,
				9BA58F7922324C4C003697A5 /* String+Extension.swift in Sources */,
				9BA58F5C2232366D003697A5 /* AppDelegate.swift in Sources */,
			);
			runOnlyForDeploymentPostprocessing = 0;
		};
/* End PBXSourcesBuildPhase section */

/* Begin PBXVariantGroup section */
		9BA58F6422323670003697A5 /* LaunchScreen.storyboard */ = {
			isa = PBXVariantGroup;
			children = (
				9BA58F6522323670003697A5 /* Base */,
			);
			name = LaunchScreen.storyboard;
			sourceTree = "<group>";
		};
/* End PBXVariantGroup section */

/* Begin XCBuildConfiguration section */
		9BA58F6822323670003697A5 /* Debug */ = {
			isa = XCBuildConfiguration;
			buildSettings = {
				ALWAYS_SEARCH_USER_PATHS = NO;
				CLANG_ANALYZER_NONNULL = YES;
				CLANG_ANALYZER_NUMBER_OBJECT_CONVERSION = YES_AGGRESSIVE;
				CLANG_CXX_LANGUAGE_STANDARD = "gnu++14";
				CLANG_CXX_LIBRARY = "libc++";
				CLANG_ENABLE_MODULES = YES;
				CLANG_ENABLE_OBJC_ARC = YES;
				CLANG_ENABLE_OBJC_WEAK = YES;
				CLANG_WARN_BLOCK_CAPTURE_AUTORELEASING = YES;
				CLANG_WARN_BOOL_CONVERSION = YES;
				CLANG_WARN_COMMA = YES;
				CLANG_WARN_CONSTANT_CONVERSION = YES;
				CLANG_WARN_DEPRECATED_OBJC_IMPLEMENTATIONS = YES;
				CLANG_WARN_DIRECT_OBJC_ISA_USAGE = YES_ERROR;
				CLANG_WARN_DOCUMENTATION_COMMENTS = YES;
				CLANG_WARN_EMPTY_BODY = YES;
				CLANG_WARN_ENUM_CONVERSION = YES;
				CLANG_WARN_INFINITE_RECURSION = YES;
				CLANG_WARN_INT_CONVERSION = YES;
				CLANG_WARN_NON_LITERAL_NULL_CONVERSION = YES;
				CLANG_WARN_OBJC_IMPLICIT_RETAIN_SELF = YES;
				CLANG_WARN_OBJC_LITERAL_CONVERSION = YES;
				CLANG_WARN_OBJC_ROOT_CLASS = YES_ERROR;
				CLANG_WARN_RANGE_LOOP_ANALYSIS = YES;
				CLANG_WARN_STRICT_PROTOTYPES = YES;
				CLANG_WARN_SUSPICIOUS_MOVE = YES;
				CLANG_WARN_UNGUARDED_AVAILABILITY = YES_AGGRESSIVE;
				CLANG_WARN_UNREACHABLE_CODE = YES;
				CLANG_WARN__DUPLICATE_METHOD_MATCH = YES;
				CODE_SIGN_IDENTITY = "iPhone Developer";
				COPY_PHASE_STRIP = NO;
				DEBUG_INFORMATION_FORMAT = dwarf;
				ENABLE_STRICT_OBJC_MSGSEND = YES;
				ENABLE_TESTABILITY = YES;
				GCC_C_LANGUAGE_STANDARD = gnu11;
				GCC_DYNAMIC_NO_PIC = NO;
				GCC_NO_COMMON_BLOCKS = YES;
				GCC_OPTIMIZATION_LEVEL = 0;
				GCC_PREPROCESSOR_DEFINITIONS = (
					"DEBUG=1",
					"$(inherited)",
				);
				GCC_WARN_64_TO_32_BIT_CONVERSION = YES;
				GCC_WARN_ABOUT_RETURN_TYPE = YES_ERROR;
				GCC_WARN_UNDECLARED_SELECTOR = YES;
				GCC_WARN_UNINITIALIZED_AUTOS = YES_AGGRESSIVE;
				GCC_WARN_UNUSED_FUNCTION = YES;
				GCC_WARN_UNUSED_VARIABLE = YES;
				IPHONEOS_DEPLOYMENT_TARGET = 12.1;
				MTL_ENABLE_DEBUG_INFO = INCLUDE_SOURCE;
				MTL_FAST_MATH = YES;
				ONLY_ACTIVE_ARCH = YES;
				SDKROOT = iphoneos;
				SWIFT_ACTIVE_COMPILATION_CONDITIONS = DEBUG;
				SWIFT_OPTIMIZATION_LEVEL = "-Onone";
			};
			name = Debug;
		};
		9BA58F6922323670003697A5 /* Release */ = {
			isa = XCBuildConfiguration;
			buildSettings = {
				ALWAYS_SEARCH_USER_PATHS = NO;
				CLANG_ANALYZER_NONNULL = YES;
				CLANG_ANALYZER_NUMBER_OBJECT_CONVERSION = YES_AGGRESSIVE;
				CLANG_CXX_LANGUAGE_STANDARD = "gnu++14";
				CLANG_CXX_LIBRARY = "libc++";
				CLANG_ENABLE_MODULES = YES;
				CLANG_ENABLE_OBJC_ARC = YES;
				CLANG_ENABLE_OBJC_WEAK = YES;
				CLANG_WARN_BLOCK_CAPTURE_AUTORELEASING = YES;
				CLANG_WARN_BOOL_CONVERSION = YES;
				CLANG_WARN_COMMA = YES;
				CLANG_WARN_CONSTANT_CONVERSION = YES;
				CLANG_WARN_DEPRECATED_OBJC_IMPLEMENTATIONS = YES;
				CLANG_WARN_DIRECT_OBJC_ISA_USAGE = YES_ERROR;
				CLANG_WARN_DOCUMENTATION_COMMENTS = YES;
				CLANG_WARN_EMPTY_BODY = YES;
				CLANG_WARN_ENUM_CONVERSION = YES;
				CLANG_WARN_INFINITE_RECURSION = YES;
				CLANG_WARN_INT_CONVERSION = YES;
				CLANG_WARN_NON_LITERAL_NULL_CONVERSION = YES;
				CLANG_WARN_OBJC_IMPLICIT_RETAIN_SELF = YES;
				CLANG_WARN_OBJC_LITERAL_CONVERSION = YES;
				CLANG_WARN_OBJC_ROOT_CLASS = YES_ERROR;
				CLANG_WARN_RANGE_LOOP_ANALYSIS = YES;
				CLANG_WARN_STRICT_PROTOTYPES = YES;
				CLANG_WARN_SUSPICIOUS_MOVE = YES;
				CLANG_WARN_UNGUARDED_AVAILABILITY = YES_AGGRESSIVE;
				CLANG_WARN_UNREACHABLE_CODE = YES;
				CLANG_WARN__DUPLICATE_METHOD_MATCH = YES;
				CODE_SIGN_IDENTITY = "iPhone Developer";
				COPY_PHASE_STRIP = NO;
				DEBUG_INFORMATION_FORMAT = "dwarf-with-dsym";
				ENABLE_NS_ASSERTIONS = NO;
				ENABLE_STRICT_OBJC_MSGSEND = YES;
				GCC_C_LANGUAGE_STANDARD = gnu11;
				GCC_NO_COMMON_BLOCKS = YES;
				GCC_WARN_64_TO_32_BIT_CONVERSION = YES;
				GCC_WARN_ABOUT_RETURN_TYPE = YES_ERROR;
				GCC_WARN_UNDECLARED_SELECTOR = YES;
				GCC_WARN_UNINITIALIZED_AUTOS = YES_AGGRESSIVE;
				GCC_WARN_UNUSED_FUNCTION = YES;
				GCC_WARN_UNUSED_VARIABLE = YES;
				IPHONEOS_DEPLOYMENT_TARGET = 12.1;
				MTL_ENABLE_DEBUG_INFO = NO;
				MTL_FAST_MATH = YES;
				SDKROOT = iphoneos;
				SWIFT_COMPILATION_MODE = wholemodule;
				SWIFT_OPTIMIZATION_LEVEL = "-O";
				VALIDATE_PRODUCT = YES;
			};
			name = Release;
		};
		9BA58F6B22323670003697A5 /* Debug */ = {
			isa = XCBuildConfiguration;
			baseConfigurationReference = FA40EEEF05118DB50A15B4D5 /* Pods-ReactorKit+Texture.debug.xcconfig */;
			buildSettings = {
				ASSETCATALOG_COMPILER_APPICON_NAME = AppIcon;
				CODE_SIGN_STYLE = Automatic;
				DEVELOPMENT_TEAM = JTEXWEH4CZ;
				INFOPLIST_FILE = "ReactorKit+Texture/Info.plist";
				LD_RUNPATH_SEARCH_PATHS = (
					"$(inherited)",
					"@executable_path/Frameworks",
				);
				PRODUCT_BUNDLE_IDENTIFIER = "Geektree0101.ReactorKit-Texture";
				PRODUCT_NAME = "$(TARGET_NAME)";
				SWIFT_VERSION = 4.2;
				TARGETED_DEVICE_FAMILY = "1,2";
			};
			name = Debug;
		};
		9BA58F6C22323670003697A5 /* Release */ = {
			isa = XCBuildConfiguration;
			baseConfigurationReference = 4F08309FFB7FA485ECC567BF /* Pods-ReactorKit+Texture.release.xcconfig */;
			buildSettings = {
				ASSETCATALOG_COMPILER_APPICON_NAME = AppIcon;
				CODE_SIGN_STYLE = Automatic;
				DEVELOPMENT_TEAM = JTEXWEH4CZ;
				INFOPLIST_FILE = "ReactorKit+Texture/Info.plist";
				LD_RUNPATH_SEARCH_PATHS = (
					"$(inherited)",
					"@executable_path/Frameworks",
				);
				PRODUCT_BUNDLE_IDENTIFIER = "Geektree0101.ReactorKit-Texture";
				PRODUCT_NAME = "$(TARGET_NAME)";
				SWIFT_VERSION = 4.2;
				TARGETED_DEVICE_FAMILY = "1,2";
			};
			name = Release;
		};
/* End XCBuildConfiguration section */

/* Begin XCConfigurationList section */
		9BA58F532232366C003697A5 /* Build configuration list for PBXProject "ReactorKit+Texture" */ = {
			isa = XCConfigurationList;
			buildConfigurations = (
				9BA58F6822323670003697A5 /* Debug */,
				9BA58F6922323670003697A5 /* Release */,
			);
			defaultConfigurationIsVisible = 0;
			defaultConfigurationName = Release;
		};
		9BA58F6A22323670003697A5 /* Build configuration list for PBXNativeTarget "ReactorKit+Texture" */ = {
			isa = XCConfigurationList;
			buildConfigurations = (
				9BA58F6B22323670003697A5 /* Debug */,
				9BA58F6C22323670003697A5 /* Release */,
			);
			defaultConfigurationIsVisible = 0;
			defaultConfigurationName = Release;
		};
/* End XCConfigurationList section */
	};
	rootObject = 9BA58F502232366C003697A5 /* Project object */;
}
